// !$*UTF8*$!
{
	archiveVersion = 1;
	classes = {
	};
	objectVersion = 56;
	objects = {

/* Begin PBXBuildFile section */
		A111EAE12D0E4BBB0030553A /* AppDelegate.swift in Sources */ = {isa = PBXBuildFile; fileRef = A111EAE02D0E4BBB0030553A /* AppDelegate.swift */; };
		A111EAE32D0E4BBB0030553A /* SceneDelegate.swift in Sources */ = {isa = PBXBuildFile; fileRef = A111EAE22D0E4BBB0030553A /* SceneDelegate.swift */; };
		A111EAE52D0E4BBB0030553A /* ProductViewController.swift in Sources */ = {isa = PBXBuildFile; fileRef = A111EAE42D0E4BBB0030553A /* ProductViewController.swift */; };
		A111EAEA2D0E4BBF0030553A /* Assets.xcassets in Resources */ = {isa = PBXBuildFile; fileRef = A111EAE92D0E4BBF0030553A /* Assets.xcassets */; };
		A111EAED2D0E4BBF0030553A /* LaunchScreen.storyboard in Resources */ = {isa = PBXBuildFile; fileRef = A111EAEB2D0E4BBF0030553A /* LaunchScreen.storyboard */; };
		A111EAF82D0E4BC00030553A /* AnyaBaluvanaTests.swift in Sources */ = {isa = PBXBuildFile; fileRef = A111EAF72D0E4BC00030553A /* AnyaBaluvanaTests.swift */; };
		A111EB022D0E4BC00030553A /* AnyaBaluvanaUITests.swift in Sources */ = {isa = PBXBuildFile; fileRef = A111EB012D0E4BC00030553A /* AnyaBaluvanaUITests.swift */; };
		A111EB042D0E4BC00030553A /* AnyaBaluvanaUITestsLaunchTests.swift in Sources */ = {isa = PBXBuildFile; fileRef = A111EB032D0E4BC00030553A /* AnyaBaluvanaUITestsLaunchTests.swift */; };
		A111EB132D0E4C380030553A /* SnapKit in Frameworks */ = {isa = PBXBuildFile; productRef = A111EB122D0E4C380030553A /* SnapKit */; };
		A111EB1A2D0E500B0030553A /* Order.swift in Sources */ = {isa = PBXBuildFile; fileRef = A111EB192D0E500B0030553A /* Order.swift */; };
		A111EB1B2D0E500B0030553A /* Order.swift in Sources */ = {isa = PBXBuildFile; fileRef = A111EB192D0E500B0030553A /* Order.swift */; };
		A111EB1D2D0E50260030553A /* Product.swift in Sources */ = {isa = PBXBuildFile; fileRef = A111EB1C2D0E50260030553A /* Product.swift */; };
		A111EB1E2D0E50260030553A /* Product.swift in Sources */ = {isa = PBXBuildFile; fileRef = A111EB1C2D0E50260030553A /* Product.swift */; };
		A111EB202D0E50570030553A /* Store.swift in Sources */ = {isa = PBXBuildFile; fileRef = A111EB1F2D0E50570030553A /* Store.swift */; };
		A111EB212D0E50570030553A /* Store.swift in Sources */ = {isa = PBXBuildFile; fileRef = A111EB1F2D0E50570030553A /* Store.swift */; };
		A111EB272D0E555F0030553A /* ProductDBService.swift in Sources */ = {isa = PBXBuildFile; fileRef = A111EB262D0E555F0030553A /* ProductDBService.swift */; };
		A111EB282D0E555F0030553A /* ProductDBService.swift in Sources */ = {isa = PBXBuildFile; fileRef = A111EB262D0E555F0030553A /* ProductDBService.swift */; };
		A111EB2A2D0E57940030553A /* OrderDBService.swift in Sources */ = {isa = PBXBuildFile; fileRef = A111EB292D0E57940030553A /* OrderDBService.swift */; };
		A111EB2B2D0E57940030553A /* OrderDBService.swift in Sources */ = {isa = PBXBuildFile; fileRef = A111EB292D0E57940030553A /* OrderDBService.swift */; };
		A111EB2D2D0E58960030553A /* InventoryViewModel.swift in Sources */ = {isa = PBXBuildFile; fileRef = A111EB2C2D0E58960030553A /* InventoryViewModel.swift */; };
		A111EB2E2D0E58960030553A /* InventoryViewModel.swift in Sources */ = {isa = PBXBuildFile; fileRef = A111EB2C2D0E58960030553A /* InventoryViewModel.swift */; };
		A111EB302D0E68B40030553A /* LoadingView.swift in Sources */ = {isa = PBXBuildFile; fileRef = A111EB2F2D0E68B40030553A /* LoadingView.swift */; };
		A111EB312D0E68B40030553A /* LoadingView.swift in Sources */ = {isa = PBXBuildFile; fileRef = A111EB2F2D0E68B40030553A /* LoadingView.swift */; };
		A111EB332D0E69B50030553A /* ProductView.swift in Sources */ = {isa = PBXBuildFile; fileRef = A111EB322D0E69B50030553A /* ProductView.swift */; };
		A111EB342D0E69B50030553A /* ProductView.swift in Sources */ = {isa = PBXBuildFile; fileRef = A111EB322D0E69B50030553A /* ProductView.swift */; };
		A111EB362D0E71880030553A /* ProductDetailsViewController.swift in Sources */ = {isa = PBXBuildFile; fileRef = A111EB352D0E71880030553A /* ProductDetailsViewController.swift */; };
		A111EB3A2D0E75C40030553A /* Products.csv in Resources */ = {isa = PBXBuildFile; fileRef = A111EB382D0E75C40030553A /* Products.csv */; };
		A111EB3B2D0E75C40030553A /* Products.csv in Resources */ = {isa = PBXBuildFile; fileRef = A111EB382D0E75C40030553A /* Products.csv */; };
		A111EB3C2D0E75C40030553A /* Orders.csv in Resources */ = {isa = PBXBuildFile; fileRef = A111EB392D0E75C40030553A /* Orders.csv */; };
		A111EB3D2D0E75C40030553A /* Orders.csv in Resources */ = {isa = PBXBuildFile; fileRef = A111EB392D0E75C40030553A /* Orders.csv */; };
		A111EB3F2D0E76980030553A /* ProductDetailsView.swift in Sources */ = {isa = PBXBuildFile; fileRef = A111EB3E2D0E76980030553A /* ProductDetailsView.swift */; };
		A111EB402D0E76980030553A /* ProductDetailsView.swift in Sources */ = {isa = PBXBuildFile; fileRef = A111EB3E2D0E76980030553A /* ProductDetailsView.swift */; };
		E52C72232D10BC730088EF78 /* OrderView.swift in Sources */ = {isa = PBXBuildFile; fileRef = E52C72222D10BC730088EF78 /* OrderView.swift */; };
		E52C72242D10BC730088EF78 /* OrderView.swift in Sources */ = {isa = PBXBuildFile; fileRef = E52C72222D10BC730088EF78 /* OrderView.swift */; };
		E52C72292D10C7E10088EF78 /* OrderViewController.swift in Sources */ = {isa = PBXBuildFile; fileRef = E52C72282D10C7E10088EF78 /* OrderViewController.swift */; };
		E5C11B9C2D10805A0084B106 /* UserView.swift in Sources */ = {isa = PBXBuildFile; fileRef = E5C11B9B2D10805A0084B106 /* UserView.swift */; };
		E5C11B9D2D10805A0084B106 /* UserView.swift in Sources */ = {isa = PBXBuildFile; fileRef = E5C11B9B2D10805A0084B106 /* UserView.swift */; };
		E5C11BC72D1080E90084B106 /* User.swift in Sources */ = {isa = PBXBuildFile; fileRef = E5C11BC62D1080E90084B106 /* User.swift */; };
		E5C11BC82D1080E90084B106 /* User.swift in Sources */ = {isa = PBXBuildFile; fileRef = E5C11BC62D1080E90084B106 /* User.swift */; };
		E5C11BCC2D109A0B0084B106 /* UserViewController.swift in Sources */ = {isa = PBXBuildFile; fileRef = E5C11BCB2D109A0B0084B106 /* UserViewController.swift */; };
		E5C11BD02D10A8E40084B106 /* UserViewModel.swift in Sources */ = {isa = PBXBuildFile; fileRef = E5C11BCF2D10A8E40084B106 /* UserViewModel.swift */; };
		E5C11BD12D10A8E40084B106 /* UserViewModel.swift in Sources */ = {isa = PBXBuildFile; fileRef = E5C11BCF2D10A8E40084B106 /* UserViewModel.swift */; };
		E5C11BD32D10A91D0084B106 /* User.csv in Resources */ = {isa = PBXBuildFile; fileRef = E5C11BD22D10A9110084B106 /* User.csv */; };
		E5E368F62D11E5BC00AA9D3D /* OrderFooterView.swift in Sources */ = {isa = PBXBuildFile; fileRef = E5E368F52D11E5BC00AA9D3D /* OrderFooterView.swift */; };
		E5E368F72D11E5BC00AA9D3D /* OrderFooterView.swift in Sources */ = {isa = PBXBuildFile; fileRef = E5E368F52D11E5BC00AA9D3D /* OrderFooterView.swift */; };
		E5E368F92D11E5FD00AA9D3D /* OrderListView.swift in Sources */ = {isa = PBXBuildFile; fileRef = E5E368F82D11E5FD00AA9D3D /* OrderListView.swift */; };
		E5E368FA2D11E5FD00AA9D3D /* OrderListView.swift in Sources */ = {isa = PBXBuildFile; fileRef = E5E368F82D11E5FD00AA9D3D /* OrderListView.swift */; };
/* End PBXBuildFile section */

/* Begin PBXContainerItemProxy section */
		A111EAF42D0E4BBF0030553A /* PBXContainerItemProxy */ = {
			isa = PBXContainerItemProxy;
			containerPortal = A111EAD52D0E4BBB0030553A /* Project object */;
			proxyType = 1;
			remoteGlobalIDString = A111EADC2D0E4BBB0030553A;
			remoteInfo = AnyaBaluvana;
		};
		A111EAFE2D0E4BC00030553A /* PBXContainerItemProxy */ = {
			isa = PBXContainerItemProxy;
			containerPortal = A111EAD52D0E4BBB0030553A /* Project object */;
			proxyType = 1;
			remoteGlobalIDString = A111EADC2D0E4BBB0030553A;
			remoteInfo = AnyaBaluvana;
		};
/* End PBXContainerItemProxy section */

/* Begin PBXFileReference section */
		A111EADD2D0E4BBB0030553A /* AnyaBaluvana.app */ = {isa = PBXFileReference; explicitFileType = wrapper.application; includeInIndex = 0; path = AnyaBaluvana.app; sourceTree = BUILT_PRODUCTS_DIR; };
		A111EAE02D0E4BBB0030553A /* AppDelegate.swift */ = {isa = PBXFileReference; lastKnownFileType = sourcecode.swift; path = AppDelegate.swift; sourceTree = "<group>"; };
		A111EAE22D0E4BBB0030553A /* SceneDelegate.swift */ = {isa = PBXFileReference; lastKnownFileType = sourcecode.swift; path = SceneDelegate.swift; sourceTree = "<group>"; };
		A111EAE42D0E4BBB0030553A /* ProductViewController.swift */ = {isa = PBXFileReference; lastKnownFileType = sourcecode.swift; path = ProductViewController.swift; sourceTree = "<group>"; };
		A111EAE92D0E4BBF0030553A /* Assets.xcassets */ = {isa = PBXFileReference; lastKnownFileType = folder.assetcatalog; path = Assets.xcassets; sourceTree = "<group>"; };
		A111EAEC2D0E4BBF0030553A /* Base */ = {isa = PBXFileReference; lastKnownFileType = file.storyboard; name = Base; path = Base.lproj/LaunchScreen.storyboard; sourceTree = "<group>"; };
		A111EAEE2D0E4BBF0030553A /* Info.plist */ = {isa = PBXFileReference; lastKnownFileType = text.plist.xml; path = Info.plist; sourceTree = "<group>"; };
		A111EAF32D0E4BBF0030553A /* AnyaBaluvanaTests.xctest */ = {isa = PBXFileReference; explicitFileType = wrapper.cfbundle; includeInIndex = 0; path = AnyaBaluvanaTests.xctest; sourceTree = BUILT_PRODUCTS_DIR; };
		A111EAF72D0E4BC00030553A /* AnyaBaluvanaTests.swift */ = {isa = PBXFileReference; lastKnownFileType = sourcecode.swift; path = AnyaBaluvanaTests.swift; sourceTree = "<group>"; };
		A111EAFD2D0E4BC00030553A /* AnyaBaluvanaUITests.xctest */ = {isa = PBXFileReference; explicitFileType = wrapper.cfbundle; includeInIndex = 0; path = AnyaBaluvanaUITests.xctest; sourceTree = BUILT_PRODUCTS_DIR; };
		A111EB012D0E4BC00030553A /* AnyaBaluvanaUITests.swift */ = {isa = PBXFileReference; lastKnownFileType = sourcecode.swift; path = AnyaBaluvanaUITests.swift; sourceTree = "<group>"; };
		A111EB032D0E4BC00030553A /* AnyaBaluvanaUITestsLaunchTests.swift */ = {isa = PBXFileReference; lastKnownFileType = sourcecode.swift; path = AnyaBaluvanaUITestsLaunchTests.swift; sourceTree = "<group>"; };
		A111EB192D0E500B0030553A /* Order.swift */ = {isa = PBXFileReference; lastKnownFileType = sourcecode.swift; path = Order.swift; sourceTree = "<group>"; };
		A111EB1C2D0E50260030553A /* Product.swift */ = {isa = PBXFileReference; lastKnownFileType = sourcecode.swift; path = Product.swift; sourceTree = "<group>"; };
		A111EB1F2D0E50570030553A /* Store.swift */ = {isa = PBXFileReference; lastKnownFileType = sourcecode.swift; path = Store.swift; sourceTree = "<group>"; };
		A111EB262D0E555F0030553A /* ProductDBService.swift */ = {isa = PBXFileReference; lastKnownFileType = sourcecode.swift; path = ProductDBService.swift; sourceTree = "<group>"; };
		A111EB292D0E57940030553A /* OrderDBService.swift */ = {isa = PBXFileReference; lastKnownFileType = sourcecode.swift; path = OrderDBService.swift; sourceTree = "<group>"; };
		A111EB2C2D0E58960030553A /* InventoryViewModel.swift */ = {isa = PBXFileReference; lastKnownFileType = sourcecode.swift; path = InventoryViewModel.swift; sourceTree = "<group>"; };
		A111EB2F2D0E68B40030553A /* LoadingView.swift */ = {isa = PBXFileReference; lastKnownFileType = sourcecode.swift; path = LoadingView.swift; sourceTree = "<group>"; };
		A111EB322D0E69B50030553A /* ProductView.swift */ = {isa = PBXFileReference; lastKnownFileType = sourcecode.swift; path = ProductView.swift; sourceTree = "<group>"; };
		A111EB352D0E71880030553A /* ProductDetailsViewController.swift */ = {isa = PBXFileReference; lastKnownFileType = sourcecode.swift; path = ProductDetailsViewController.swift; sourceTree = "<group>"; };
		A111EB382D0E75C40030553A /* Products.csv */ = {isa = PBXFileReference; fileEncoding = 4; lastKnownFileType = text; path = Products.csv; sourceTree = "<group>"; };
		A111EB392D0E75C40030553A /* Orders.csv */ = {isa = PBXFileReference; fileEncoding = 4; lastKnownFileType = text; path = Orders.csv; sourceTree = "<group>"; };
		A111EB3E2D0E76980030553A /* ProductDetailsView.swift */ = {isa = PBXFileReference; lastKnownFileType = sourcecode.swift; path = ProductDetailsView.swift; sourceTree = "<group>"; };
		E52C72222D10BC730088EF78 /* OrderView.swift */ = {isa = PBXFileReference; lastKnownFileType = sourcecode.swift; path = OrderView.swift; sourceTree = "<group>"; };
		E52C72282D10C7E10088EF78 /* OrderViewController.swift */ = {isa = PBXFileReference; lastKnownFileType = sourcecode.swift; path = OrderViewController.swift; sourceTree = "<group>"; };
		E5C11B9B2D10805A0084B106 /* UserView.swift */ = {isa = PBXFileReference; lastKnownFileType = sourcecode.swift; path = UserView.swift; sourceTree = "<group>"; };
		E5C11BC62D1080E90084B106 /* User.swift */ = {isa = PBXFileReference; lastKnownFileType = sourcecode.swift; path = User.swift; sourceTree = "<group>"; };
		E5C11BCB2D109A0B0084B106 /* UserViewController.swift */ = {isa = PBXFileReference; lastKnownFileType = sourcecode.swift; path = UserViewController.swift; sourceTree = "<group>"; };
		E5C11BCF2D10A8E40084B106 /* UserViewModel.swift */ = {isa = PBXFileReference; lastKnownFileType = sourcecode.swift; path = UserViewModel.swift; sourceTree = "<group>"; };
		E5C11BD22D10A9110084B106 /* User.csv */ = {isa = PBXFileReference; lastKnownFileType = text; path = User.csv; sourceTree = "<group>"; };
		E5E368F52D11E5BC00AA9D3D /* OrderFooterView.swift */ = {isa = PBXFileReference; lastKnownFileType = sourcecode.swift; path = OrderFooterView.swift; sourceTree = "<group>"; };
		E5E368F82D11E5FD00AA9D3D /* OrderListView.swift */ = {isa = PBXFileReference; lastKnownFileType = sourcecode.swift; path = OrderListView.swift; sourceTree = "<group>"; };
/* End PBXFileReference section */

/* Begin PBXFrameworksBuildPhase section */
		A111EADA2D0E4BBB0030553A /* Frameworks */ = {
			isa = PBXFrameworksBuildPhase;
			buildActionMask = 2147483647;
			files = (
				A111EB132D0E4C380030553A /* SnapKit in Frameworks */,
			);
			runOnlyForDeploymentPostprocessing = 0;
		};
		A111EAF02D0E4BBF0030553A /* Frameworks */ = {
			isa = PBXFrameworksBuildPhase;
			buildActionMask = 2147483647;
			files = (
			);
			runOnlyForDeploymentPostprocessing = 0;
		};
		A111EAFA2D0E4BC00030553A /* Frameworks */ = {
			isa = PBXFrameworksBuildPhase;
			buildActionMask = 2147483647;
			files = (
			);
			runOnlyForDeploymentPostprocessing = 0;
		};
/* End PBXFrameworksBuildPhase section */

/* Begin PBXGroup section */
		A111EAD42D0E4BBB0030553A = {
			isa = PBXGroup;
			children = (
				A111EADF2D0E4BBB0030553A /* AnyaBaluvana */,
				A111EAF62D0E4BC00030553A /* AnyaBaluvanaTests */,
				A111EB002D0E4BC00030553A /* AnyaBaluvanaUITests */,
				A111EADE2D0E4BBB0030553A /* Products */,
			);
			sourceTree = "<group>";
		};
		A111EADE2D0E4BBB0030553A /* Products */ = {
			isa = PBXGroup;
			children = (
				A111EADD2D0E4BBB0030553A /* AnyaBaluvana.app */,
				A111EAF32D0E4BBF0030553A /* AnyaBaluvanaTests.xctest */,
				A111EAFD2D0E4BC00030553A /* AnyaBaluvanaUITests.xctest */,
			);
			name = Products;
			sourceTree = "<group>";
		};
		A111EADF2D0E4BBB0030553A /* AnyaBaluvana */ = {
			isa = PBXGroup;
			children = (
				E5C11BD22D10A9110084B106 /* User.csv */,
				A111EB412D0E76CD0030553A /* Controllers */,
				A111EB252D0E52350030553A /* DBService */,
				A111EB182D0E4F710030553A /* ViewModel */,
				A111EB172D0E4F670030553A /* Vew */,
				A111EB162D0E4F5C0030553A /* Model */,
				A111EAE02D0E4BBB0030553A /* AppDelegate.swift */,
				A111EAE22D0E4BBB0030553A /* SceneDelegate.swift */,
				A111EAE92D0E4BBF0030553A /* Assets.xcassets */,
				A111EB392D0E75C40030553A /* Orders.csv */,
				A111EB382D0E75C40030553A /* Products.csv */,
				A111EAEB2D0E4BBF0030553A /* LaunchScreen.storyboard */,
				A111EAEE2D0E4BBF0030553A /* Info.plist */,
			);
			path = AnyaBaluvana;
			sourceTree = "<group>";
		};
		A111EAF62D0E4BC00030553A /* AnyaBaluvanaTests */ = {
			isa = PBXGroup;
			children = (
				A111EAF72D0E4BC00030553A /* AnyaBaluvanaTests.swift */,
			);
			path = AnyaBaluvanaTests;
			sourceTree = "<group>";
		};
		A111EB002D0E4BC00030553A /* AnyaBaluvanaUITests */ = {
			isa = PBXGroup;
			children = (
				A111EB012D0E4BC00030553A /* AnyaBaluvanaUITests.swift */,
				A111EB032D0E4BC00030553A /* AnyaBaluvanaUITestsLaunchTests.swift */,
			);
			path = AnyaBaluvanaUITests;
			sourceTree = "<group>";
		};
		A111EB162D0E4F5C0030553A /* Model */ = {
			isa = PBXGroup;
			children = (
				A111EB192D0E500B0030553A /* Order.swift */,
				A111EB1C2D0E50260030553A /* Product.swift */,
				A111EB1F2D0E50570030553A /* Store.swift */,
				E5C11BC62D1080E90084B106 /* User.swift */,
			);
			path = Model;
			sourceTree = "<group>";
		};
		A111EB172D0E4F670030553A /* Vew */ = {
			isa = PBXGroup;
			children = (
				A111EB2F2D0E68B40030553A /* LoadingView.swift */,
				A111EB322D0E69B50030553A /* ProductView.swift */,
				A111EB3E2D0E76980030553A /* ProductDetailsView.swift */,
				E5C11B9B2D10805A0084B106 /* UserView.swift */,
				E52C72222D10BC730088EF78 /* OrderView.swift */,
				E5E368F52D11E5BC00AA9D3D /* OrderFooterView.swift */,
				E5E368F82D11E5FD00AA9D3D /* OrderListView.swift */,
			);
			path = Vew;
			sourceTree = "<group>";
		};
		A111EB182D0E4F710030553A /* ViewModel */ = {
			isa = PBXGroup;
			children = (
				A111EB2C2D0E58960030553A /* InventoryViewModel.swift */,
				E5C11BCF2D10A8E40084B106 /* UserViewModel.swift */,
			);
			path = ViewModel;
			sourceTree = "<group>";
		};
		A111EB252D0E52350030553A /* DBService */ = {
			isa = PBXGroup;
			children = (
				A111EB262D0E555F0030553A /* ProductDBService.swift */,
				A111EB292D0E57940030553A /* OrderDBService.swift */,
			);
			path = DBService;
			sourceTree = "<group>";
		};
		A111EB412D0E76CD0030553A /* Controllers */ = {
			isa = PBXGroup;
			children = (
				A111EB352D0E71880030553A /* ProductDetailsViewController.swift */,
				A111EAE42D0E4BBB0030553A /* ProductViewController.swift */,
				E5C11BCB2D109A0B0084B106 /* UserViewController.swift */,
				E52C72282D10C7E10088EF78 /* OrderViewController.swift */,
			);
			path = Controllers;
			sourceTree = "<group>";
		};
/* End PBXGroup section */

/* Begin PBXNativeTarget section */
		A111EADC2D0E4BBB0030553A /* AnyaBaluvana */ = {
			isa = PBXNativeTarget;
			buildConfigurationList = A111EB072D0E4BC00030553A /* Build configuration list for PBXNativeTarget "AnyaBaluvana" */;
			buildPhases = (
				A111EAD92D0E4BBB0030553A /* Sources */,
				A111EADA2D0E4BBB0030553A /* Frameworks */,
				A111EADB2D0E4BBB0030553A /* Resources */,
			);
			buildRules = (
			);
			dependencies = (
				A111EB152D0E4C5D0030553A /* PBXTargetDependency */,
			);
			name = AnyaBaluvana;
			packageProductDependencies = (
				A111EB122D0E4C380030553A /* SnapKit */,
			);
			productName = AnyaBaluvana;
			productReference = A111EADD2D0E4BBB0030553A /* AnyaBaluvana.app */;
			productType = "com.apple.product-type.application";
		};
		A111EAF22D0E4BBF0030553A /* AnyaBaluvanaTests */ = {
			isa = PBXNativeTarget;
			buildConfigurationList = A111EB0A2D0E4BC00030553A /* Build configuration list for PBXNativeTarget "AnyaBaluvanaTests" */;
			buildPhases = (
				A111EAEF2D0E4BBF0030553A /* Sources */,
				A111EAF02D0E4BBF0030553A /* Frameworks */,
				A111EAF12D0E4BBF0030553A /* Resources */,
			);
			buildRules = (
			);
			dependencies = (
				A111EAF52D0E4BBF0030553A /* PBXTargetDependency */,
			);
			name = AnyaBaluvanaTests;
			productName = AnyaBaluvanaTests;
			productReference = A111EAF32D0E4BBF0030553A /* AnyaBaluvanaTests.xctest */;
			productType = "com.apple.product-type.bundle.unit-test";
		};
		A111EAFC2D0E4BC00030553A /* AnyaBaluvanaUITests */ = {
			isa = PBXNativeTarget;
			buildConfigurationList = A111EB0D2D0E4BC00030553A /* Build configuration list for PBXNativeTarget "AnyaBaluvanaUITests" */;
			buildPhases = (
				A111EAF92D0E4BC00030553A /* Sources */,
				A111EAFA2D0E4BC00030553A /* Frameworks */,
				A111EAFB2D0E4BC00030553A /* Resources */,
			);
			buildRules = (
			);
			dependencies = (
				A111EAFF2D0E4BC00030553A /* PBXTargetDependency */,
			);
			name = AnyaBaluvanaUITests;
			productName = AnyaBaluvanaUITests;
			productReference = A111EAFD2D0E4BC00030553A /* AnyaBaluvanaUITests.xctest */;
			productType = "com.apple.product-type.bundle.ui-testing";
		};
/* End PBXNativeTarget section */

/* Begin PBXProject section */
		A111EAD52D0E4BBB0030553A /* Project object */ = {
			isa = PBXProject;
			attributes = {
				BuildIndependentTargetsInParallel = 1;
				LastSwiftUpdateCheck = 1520;
				LastUpgradeCheck = 1520;
				TargetAttributes = {
					A111EADC2D0E4BBB0030553A = {
						CreatedOnToolsVersion = 15.2;
					};
					A111EAF22D0E4BBF0030553A = {
						CreatedOnToolsVersion = 15.2;
						TestTargetID = A111EADC2D0E4BBB0030553A;
					};
					A111EAFC2D0E4BC00030553A = {
						CreatedOnToolsVersion = 15.2;
						TestTargetID = A111EADC2D0E4BBB0030553A;
					};
				};
			};
			buildConfigurationList = A111EAD82D0E4BBB0030553A /* Build configuration list for PBXProject "AnyaBaluvana" */;
			compatibilityVersion = "Xcode 14.0";
			developmentRegion = en;
			hasScannedForEncodings = 0;
			knownRegions = (
				en,
				Base,
			);
			mainGroup = A111EAD42D0E4BBB0030553A;
			packageReferences = (
				A111EB102D0E4C270030553A /* XCRemoteSwiftPackageReference "SwiftLintPlugins" */,
				A111EB112D0E4C380030553A /* XCRemoteSwiftPackageReference "SnapKit" */,
			);
			productRefGroup = A111EADE2D0E4BBB0030553A /* Products */;
			projectDirPath = "";
			projectRoot = "";
			targets = (
				A111EADC2D0E4BBB0030553A /* AnyaBaluvana */,
				A111EAF22D0E4BBF0030553A /* AnyaBaluvanaTests */,
				A111EAFC2D0E4BC00030553A /* AnyaBaluvanaUITests */,
			);
		};
/* End PBXProject section */

/* Begin PBXResourcesBuildPhase section */
		A111EADB2D0E4BBB0030553A /* Resources */ = {
			isa = PBXResourcesBuildPhase;
			buildActionMask = 2147483647;
			files = (
				A111EAED2D0E4BBF0030553A /* LaunchScreen.storyboard in Resources */,
				A111EB3A2D0E75C40030553A /* Products.csv in Resources */,
				A111EAEA2D0E4BBF0030553A /* Assets.xcassets in Resources */,
				E5C11BD32D10A91D0084B106 /* User.csv in Resources */,
				A111EB3C2D0E75C40030553A /* Orders.csv in Resources */,
			);
			runOnlyForDeploymentPostprocessing = 0;
		};
		A111EAF12D0E4BBF0030553A /* Resources */ = {
			isa = PBXResourcesBuildPhase;
			buildActionMask = 2147483647;
			files = (
				A111EB3B2D0E75C40030553A /* Products.csv in Resources */,
				A111EB3D2D0E75C40030553A /* Orders.csv in Resources */,
			);
			runOnlyForDeploymentPostprocessing = 0;
		};
		A111EAFB2D0E4BC00030553A /* Resources */ = {
			isa = PBXResourcesBuildPhase;
			buildActionMask = 2147483647;
			files = (
			);
			runOnlyForDeploymentPostprocessing = 0;
		};
/* End PBXResourcesBuildPhase section */

/* Begin PBXSourcesBuildPhase section */
		A111EAD92D0E4BBB0030553A /* Sources */ = {
			isa = PBXSourcesBuildPhase;
			buildActionMask = 2147483647;
			files = (
				A111EB2D2D0E58960030553A /* InventoryViewModel.swift in Sources */,
				E5C11BCC2D109A0B0084B106 /* UserViewController.swift in Sources */,
				A111EAE52D0E4BBB0030553A /* ProductViewController.swift in Sources */,
				E52C72232D10BC730088EF78 /* OrderView.swift in Sources */,
				A111EB272D0E555F0030553A /* ProductDBService.swift in Sources */,
				A111EB362D0E71880030553A /* ProductDetailsViewController.swift in Sources */,
				E5E368F62D11E5BC00AA9D3D /* OrderFooterView.swift in Sources */,
				A111EB302D0E68B40030553A /* LoadingView.swift in Sources */,
				A111EB332D0E69B50030553A /* ProductView.swift in Sources */,
				A111EAE12D0E4BBB0030553A /* AppDelegate.swift in Sources */,
				A111EB1D2D0E50260030553A /* Product.swift in Sources */,
				E52C72292D10C7E10088EF78 /* OrderViewController.swift in Sources */,
				E5C11BC82D1080E90084B106 /* User.swift in Sources */,
				A111EB202D0E50570030553A /* Store.swift in Sources */,
				A111EB2A2D0E57940030553A /* OrderDBService.swift in Sources */,
				A111EB3F2D0E76980030553A /* ProductDetailsView.swift in Sources */,
				A111EB1A2D0E500B0030553A /* Order.swift in Sources */,
				E5E368F92D11E5FD00AA9D3D /* OrderListView.swift in Sources */,
				E5C11BD02D10A8E40084B106 /* UserViewModel.swift in Sources */,
				A111EAE32D0E4BBB0030553A /* SceneDelegate.swift in Sources */,
				E5C11B9D2D10805A0084B106 /* UserView.swift in Sources */,
			);
			runOnlyForDeploymentPostprocessing = 0;
		};
		A111EAEF2D0E4BBF0030553A /* Sources */ = {
			isa = PBXSourcesBuildPhase;
			buildActionMask = 2147483647;
			files = (
				E5C11B9C2D10805A0084B106 /* UserView.swift in Sources */,
				E5E368FA2D11E5FD00AA9D3D /* OrderListView.swift in Sources */,
				A111EB342D0E69B50030553A /* ProductView.swift in Sources */,
				A111EB1B2D0E500B0030553A /* Order.swift in Sources */,
				A111EAF82D0E4BC00030553A /* AnyaBaluvanaTests.swift in Sources */,
				A111EB1E2D0E50260030553A /* Product.swift in Sources */,
				A111EB282D0E555F0030553A /* ProductDBService.swift in Sources */,
				E5E368F72D11E5BC00AA9D3D /* OrderFooterView.swift in Sources */,
				A111EB402D0E76980030553A /* ProductDetailsView.swift in Sources */,
				E52C72242D10BC730088EF78 /* OrderView.swift in Sources */,
				A111EB212D0E50570030553A /* Store.swift in Sources */,
				E5C11BC72D1080E90084B106 /* User.swift in Sources */,
				E5C11BD12D10A8E40084B106 /* UserViewModel.swift in Sources */,
				A111EB2E2D0E58960030553A /* InventoryViewModel.swift in Sources */,
				A111EB2B2D0E57940030553A /* OrderDBService.swift in Sources */,
				A111EB312D0E68B40030553A /* LoadingView.swift in Sources */,
			);
			runOnlyForDeploymentPostprocessing = 0;
		};
		A111EAF92D0E4BC00030553A /* Sources */ = {
			isa = PBXSourcesBuildPhase;
			buildActionMask = 2147483647;
			files = (
				A111EB022D0E4BC00030553A /* AnyaBaluvanaUITests.swift in Sources */,
				A111EB042D0E4BC00030553A /* AnyaBaluvanaUITestsLaunchTests.swift in Sources */,
			);
			runOnlyForDeploymentPostprocessing = 0;
		};
/* End PBXSourcesBuildPhase section */

/* Begin PBXTargetDependency section */
		A111EAF52D0E4BBF0030553A /* PBXTargetDependency */ = {
			isa = PBXTargetDependency;
			target = A111EADC2D0E4BBB0030553A /* AnyaBaluvana */;
			targetProxy = A111EAF42D0E4BBF0030553A /* PBXContainerItemProxy */;
		};
		A111EAFF2D0E4BC00030553A /* PBXTargetDependency */ = {
			isa = PBXTargetDependency;
			target = A111EADC2D0E4BBB0030553A /* AnyaBaluvana */;
			targetProxy = A111EAFE2D0E4BC00030553A /* PBXContainerItemProxy */;
		};
		A111EB152D0E4C5D0030553A /* PBXTargetDependency */ = {
			isa = PBXTargetDependency;
			productRef = A111EB142D0E4C5D0030553A /* SwiftLintBuildToolPlugin */;
		};
/* End PBXTargetDependency section */

/* Begin PBXVariantGroup section */
		A111EAEB2D0E4BBF0030553A /* LaunchScreen.storyboard */ = {
			isa = PBXVariantGroup;
			children = (
				A111EAEC2D0E4BBF0030553A /* Base */,
			);
			name = LaunchScreen.storyboard;
			sourceTree = "<group>";
		};
/* End PBXVariantGroup section */

/* Begin XCBuildConfiguration section */
		A111EB052D0E4BC00030553A /* Debug */ = {
			isa = XCBuildConfiguration;
			buildSettings = {
				ALWAYS_SEARCH_USER_PATHS = NO;
				ASSETCATALOG_COMPILER_GENERATE_SWIFT_ASSET_SYMBOL_EXTENSIONS = YES;
				CLANG_ANALYZER_NONNULL = YES;
				CLANG_ANALYZER_NUMBER_OBJECT_CONVERSION = YES_AGGRESSIVE;
				CLANG_CXX_LANGUAGE_STANDARD = "gnu++20";
				CLANG_ENABLE_MODULES = YES;
				CLANG_ENABLE_OBJC_ARC = YES;
				CLANG_ENABLE_OBJC_WEAK = YES;
				CLANG_WARN_BLOCK_CAPTURE_AUTORELEASING = YES;
				CLANG_WARN_BOOL_CONVERSION = YES;
				CLANG_WARN_COMMA = YES;
				CLANG_WARN_CONSTANT_CONVERSION = YES;
				CLANG_WARN_DEPRECATED_OBJC_IMPLEMENTATIONS = YES;
				CLANG_WARN_DIRECT_OBJC_ISA_USAGE = YES_ERROR;
				CLANG_WARN_DOCUMENTATION_COMMENTS = YES;
				CLANG_WARN_EMPTY_BODY = YES;
				CLANG_WARN_ENUM_CONVERSION = YES;
				CLANG_WARN_INFINITE_RECURSION = YES;
				CLANG_WARN_INT_CONVERSION = YES;
				CLANG_WARN_NON_LITERAL_NULL_CONVERSION = YES;
				CLANG_WARN_OBJC_IMPLICIT_RETAIN_SELF = YES;
				CLANG_WARN_OBJC_LITERAL_CONVERSION = YES;
				CLANG_WARN_OBJC_ROOT_CLASS = YES_ERROR;
				CLANG_WARN_QUOTED_INCLUDE_IN_FRAMEWORK_HEADER = YES;
				CLANG_WARN_RANGE_LOOP_ANALYSIS = YES;
				CLANG_WARN_STRICT_PROTOTYPES = YES;
				CLANG_WARN_SUSPICIOUS_MOVE = YES;
				CLANG_WARN_UNGUARDED_AVAILABILITY = YES_AGGRESSIVE;
				CLANG_WARN_UNREACHABLE_CODE = YES;
				CLANG_WARN__DUPLICATE_METHOD_MATCH = YES;
				COPY_PHASE_STRIP = NO;
				DEBUG_INFORMATION_FORMAT = dwarf;
				ENABLE_STRICT_OBJC_MSGSEND = YES;
				ENABLE_TESTABILITY = YES;
				ENABLE_USER_SCRIPT_SANDBOXING = YES;
				GCC_C_LANGUAGE_STANDARD = gnu17;
				GCC_DYNAMIC_NO_PIC = NO;
				GCC_NO_COMMON_BLOCKS = YES;
				GCC_OPTIMIZATION_LEVEL = 0;
				GCC_PREPROCESSOR_DEFINITIONS = (
					"DEBUG=1",
					"$(inherited)",
				);
				GCC_WARN_64_TO_32_BIT_CONVERSION = YES;
				GCC_WARN_ABOUT_RETURN_TYPE = YES_ERROR;
				GCC_WARN_UNDECLARED_SELECTOR = YES;
				GCC_WARN_UNINITIALIZED_AUTOS = YES_AGGRESSIVE;
				GCC_WARN_UNUSED_FUNCTION = YES;
				GCC_WARN_UNUSED_VARIABLE = YES;
				IPHONEOS_DEPLOYMENT_TARGET = 17.2;
				LOCALIZATION_PREFERS_STRING_CATALOGS = YES;
				MTL_ENABLE_DEBUG_INFO = INCLUDE_SOURCE;
				MTL_FAST_MATH = YES;
				ONLY_ACTIVE_ARCH = YES;
				SDKROOT = iphoneos;
				SWIFT_ACTIVE_COMPILATION_CONDITIONS = "DEBUG $(inherited)";
				SWIFT_OPTIMIZATION_LEVEL = "-Onone";
			};
			name = Debug;
		};
		A111EB062D0E4BC00030553A /* Release */ = {
			isa = XCBuildConfiguration;
			buildSettings = {
				ALWAYS_SEARCH_USER_PATHS = NO;
				ASSETCATALOG_COMPILER_GENERATE_SWIFT_ASSET_SYMBOL_EXTENSIONS = YES;
				CLANG_ANALYZER_NONNULL = YES;
				CLANG_ANALYZER_NUMBER_OBJECT_CONVERSION = YES_AGGRESSIVE;
				CLANG_CXX_LANGUAGE_STANDARD = "gnu++20";
				CLANG_ENABLE_MODULES = YES;
				CLANG_ENABLE_OBJC_ARC = YES;
				CLANG_ENABLE_OBJC_WEAK = YES;
				CLANG_WARN_BLOCK_CAPTURE_AUTORELEASING = YES;
				CLANG_WARN_BOOL_CONVERSION = YES;
				CLANG_WARN_COMMA = YES;
				CLANG_WARN_CONSTANT_CONVERSION = YES;
				CLANG_WARN_DEPRECATED_OBJC_IMPLEMENTATIONS = YES;
				CLANG_WARN_DIRECT_OBJC_ISA_USAGE = YES_ERROR;
				CLANG_WARN_DOCUMENTATION_COMMENTS = YES;
				CLANG_WARN_EMPTY_BODY = YES;
				CLANG_WARN_ENUM_CONVERSION = YES;
				CLANG_WARN_INFINITE_RECURSION = YES;
				CLANG_WARN_INT_CONVERSION = YES;
				CLANG_WARN_NON_LITERAL_NULL_CONVERSION = YES;
				CLANG_WARN_OBJC_IMPLICIT_RETAIN_SELF = YES;
				CLANG_WARN_OBJC_LITERAL_CONVERSION = YES;
				CLANG_WARN_OBJC_ROOT_CLASS = YES_ERROR;
				CLANG_WARN_QUOTED_INCLUDE_IN_FRAMEWORK_HEADER = YES;
				CLANG_WARN_RANGE_LOOP_ANALYSIS = YES;
				CLANG_WARN_STRICT_PROTOTYPES = YES;
				CLANG_WARN_SUSPICIOUS_MOVE = YES;
				CLANG_WARN_UNGUARDED_AVAILABILITY = YES_AGGRESSIVE;
				CLANG_WARN_UNREACHABLE_CODE = YES;
				CLANG_WARN__DUPLICATE_METHOD_MATCH = YES;
				COPY_PHASE_STRIP = NO;
				DEBUG_INFORMATION_FORMAT = "dwarf-with-dsym";
				ENABLE_NS_ASSERTIONS = NO;
				ENABLE_STRICT_OBJC_MSGSEND = YES;
				ENABLE_USER_SCRIPT_SANDBOXING = YES;
				GCC_C_LANGUAGE_STANDARD = gnu17;
				GCC_NO_COMMON_BLOCKS = YES;
				GCC_WARN_64_TO_32_BIT_CONVERSION = YES;
				GCC_WARN_ABOUT_RETURN_TYPE = YES_ERROR;
				GCC_WARN_UNDECLARED_SELECTOR = YES;
				GCC_WARN_UNINITIALIZED_AUTOS = YES_AGGRESSIVE;
				GCC_WARN_UNUSED_FUNCTION = YES;
				GCC_WARN_UNUSED_VARIABLE = YES;
				IPHONEOS_DEPLOYMENT_TARGET = 17.2;
				LOCALIZATION_PREFERS_STRING_CATALOGS = YES;
				MTL_ENABLE_DEBUG_INFO = NO;
				MTL_FAST_MATH = YES;
				SDKROOT = iphoneos;
				SWIFT_COMPILATION_MODE = wholemodule;
				VALIDATE_PRODUCT = YES;
			};
			name = Release;
		};
		A111EB082D0E4BC00030553A /* Debug */ = {
			isa = XCBuildConfiguration;
			buildSettings = {
				ASSETCATALOG_COMPILER_APPICON_NAME = AppIcon;
				ASSETCATALOG_COMPILER_GLOBAL_ACCENT_COLOR_NAME = AccentColor;
				CODE_SIGN_STYLE = Automatic;
				CURRENT_PROJECT_VERSION = 1;
				DEVELOPMENT_TEAM = GU6WTF24N5;
				GENERATE_INFOPLIST_FILE = YES;
				INFOPLIST_FILE = AnyaBaluvana/Info.plist;
				INFOPLIST_KEY_UIApplicationSupportsIndirectInputEvents = YES;
				INFOPLIST_KEY_UILaunchStoryboardName = LaunchScreen;
				INFOPLIST_KEY_UISupportedInterfaceOrientations_iPad = "UIInterfaceOrientationPortrait UIInterfaceOrientationPortraitUpsideDown UIInterfaceOrientationLandscapeLeft UIInterfaceOrientationLandscapeRight";
				INFOPLIST_KEY_UISupportedInterfaceOrientations_iPhone = "UIInterfaceOrientationPortrait UIInterfaceOrientationLandscapeLeft UIInterfaceOrientationLandscapeRight";
				LD_RUNPATH_SEARCH_PATHS = (
					"$(inherited)",
					"@executable_path/Frameworks",
				);
				MARKETING_VERSION = 1.0;
				PRODUCT_BUNDLE_IDENTIFIER = yaramala.AnyaBaluvana;
				PRODUCT_NAME = "$(TARGET_NAME)";
				SWIFT_EMIT_LOC_STRINGS = YES;
				SWIFT_VERSION = 5.0;
				TARGETED_DEVICE_FAMILY = "1,2";
			};
			name = Debug;
		};
		A111EB092D0E4BC00030553A /* Release */ = {
			isa = XCBuildConfiguration;
			buildSettings = {
				ASSETCATALOG_COMPILER_APPICON_NAME = AppIcon;
				ASSETCATALOG_COMPILER_GLOBAL_ACCENT_COLOR_NAME = AccentColor;
				CODE_SIGN_STYLE = Automatic;
				CURRENT_PROJECT_VERSION = 1;
				DEVELOPMENT_TEAM = GU6WTF24N5;
				GENERATE_INFOPLIST_FILE = YES;
				INFOPLIST_FILE = AnyaBaluvana/Info.plist;
				INFOPLIST_KEY_UIApplicationSupportsIndirectInputEvents = YES;
				INFOPLIST_KEY_UILaunchStoryboardName = LaunchScreen;
				INFOPLIST_KEY_UISupportedInterfaceOrientations_iPad = "UIInterfaceOrientationPortrait UIInterfaceOrientationPortraitUpsideDown UIInterfaceOrientationLandscapeLeft UIInterfaceOrientationLandscapeRight";
				INFOPLIST_KEY_UISupportedInterfaceOrientations_iPhone = "UIInterfaceOrientationPortrait UIInterfaceOrientationLandscapeLeft UIInterfaceOrientationLandscapeRight";
				LD_RUNPATH_SEARCH_PATHS = (
					"$(inherited)",
					"@executable_path/Frameworks",
				);
				MARKETING_VERSION = 1.0;
				PRODUCT_BUNDLE_IDENTIFIER = yaramala.AnyaBaluvana;
				PRODUCT_NAME = "$(TARGET_NAME)";
				SWIFT_EMIT_LOC_STRINGS = YES;
				SWIFT_VERSION = 5.0;
				TARGETED_DEVICE_FAMILY = "1,2";
			};
			name = Release;
		};
		A111EB0B2D0E4BC00030553A /* Debug */ = {
			isa = XCBuildConfiguration;
			buildSettings = {
				ALWAYS_EMBED_SWIFT_STANDARD_LIBRARIES = YES;
				BUNDLE_LOADER = "$(TEST_HOST)";
				CODE_SIGN_STYLE = Automatic;
				CURRENT_PROJECT_VERSION = 1;
				DEVELOPMENT_TEAM = GU6WTF24N5;
				GENERATE_INFOPLIST_FILE = YES;
				IPHONEOS_DEPLOYMENT_TARGET = 17.2;
				MARKETING_VERSION = 1.0;
				PRODUCT_BUNDLE_IDENTIFIER = yaramala.AnyaBaluvanaTests;
				PRODUCT_NAME = "$(TARGET_NAME)";
				SWIFT_EMIT_LOC_STRINGS = NO;
				SWIFT_VERSION = 5.0;
				TARGETED_DEVICE_FAMILY = "1,2";
				TEST_HOST = "$(BUILT_PRODUCTS_DIR)/AnyaBaluvana.app/$(BUNDLE_EXECUTABLE_FOLDER_PATH)/AnyaBaluvana";
			};
			name = Debug;
		};
		A111EB0C2D0E4BC00030553A /* Release */ = {
			isa = XCBuildConfiguration;
			buildSettings = {
				ALWAYS_EMBED_SWIFT_STANDARD_LIBRARIES = YES;
				BUNDLE_LOADER = "$(TEST_HOST)";
				CODE_SIGN_STYLE = Automatic;
				CURRENT_PROJECT_VERSION = 1;
				DEVELOPMENT_TEAM = GU6WTF24N5;
				GENERATE_INFOPLIST_FILE = YES;
				IPHONEOS_DEPLOYMENT_TARGET = 17.2;
				MARKETING_VERSION = 1.0;
				PRODUCT_BUNDLE_IDENTIFIER = yaramala.AnyaBaluvanaTests;
				PRODUCT_NAME = "$(TARGET_NAME)";
				SWIFT_EMIT_LOC_STRINGS = NO;
				SWIFT_VERSION = 5.0;
				TARGETED_DEVICE_FAMILY = "1,2";
				TEST_HOST = "$(BUILT_PRODUCTS_DIR)/AnyaBaluvana.app/$(BUNDLE_EXECUTABLE_FOLDER_PATH)/AnyaBaluvana";
			};
			name = Release;
		};
		A111EB0E2D0E4BC00030553A /* Debug */ = {
			isa = XCBuildConfiguration;
			buildSettings = {
				ALWAYS_EMBED_SWIFT_STANDARD_LIBRARIES = YES;
				CODE_SIGN_STYLE = Automatic;
				CURRENT_PROJECT_VERSION = 1;
				DEVELOPMENT_TEAM = GU6WTF24N5;
				GENERATE_INFOPLIST_FILE = YES;
				MARKETING_VERSION = 1.0;
				PRODUCT_BUNDLE_IDENTIFIER = yaramala.AnyaBaluvanaUITests;
				PRODUCT_NAME = "$(TARGET_NAME)";
				SWIFT_EMIT_LOC_STRINGS = NO;
				SWIFT_VERSION = 5.0;
				TARGETED_DEVICE_FAMILY = "1,2";
				TEST_TARGET_NAME = AnyaBaluvana;
			};
			name = Debug;
		};
		A111EB0F2D0E4BC00030553A /* Release */ = {
			isa = XCBuildConfiguration;
			buildSettings = {
				ALWAYS_EMBED_SWIFT_STANDARD_LIBRARIES = YES;
				CODE_SIGN_STYLE = Automatic;
				CURRENT_PROJECT_VERSION = 1;
				DEVELOPMENT_TEAM = GU6WTF24N5;
				GENERATE_INFOPLIST_FILE = YES;
				MARKETING_VERSION = 1.0;
				PRODUCT_BUNDLE_IDENTIFIER = yaramala.AnyaBaluvanaUITests;
				PRODUCT_NAME = "$(TARGET_NAME)";
				SWIFT_EMIT_LOC_STRINGS = NO;
				SWIFT_VERSION = 5.0;
				TARGETED_DEVICE_FAMILY = "1,2";
				TEST_TARGET_NAME = AnyaBaluvana;
			};
			name = Release;
		};
/* End XCBuildConfiguration section */

/* Begin XCConfigurationList section */
		A111EAD82D0E4BBB0030553A /* Build configuration list for PBXProject "AnyaBaluvana" */ = {
			isa = XCConfigurationList;
			buildConfigurations = (
				A111EB052D0E4BC00030553A /* Debug */,
				A111EB062D0E4BC00030553A /* Release */,
			);
			defaultConfigurationIsVisible = 0;
			defaultConfigurationName = Release;
		};
		A111EB072D0E4BC00030553A /* Build configuration list for PBXNativeTarget "AnyaBaluvana" */ = {
			isa = XCConfigurationList;
			buildConfigurations = (
				A111EB082D0E4BC00030553A /* Debug */,
				A111EB092D0E4BC00030553A /* Release */,
			);
			defaultConfigurationIsVisible = 0;
			defaultConfigurationName = Release;
		};
		A111EB0A2D0E4BC00030553A /* Build configuration list for PBXNativeTarget "AnyaBaluvanaTests" */ = {
			isa = XCConfigurationList;
			buildConfigurations = (
				A111EB0B2D0E4BC00030553A /* Debug */,
				A111EB0C2D0E4BC00030553A /* Release */,
			);
			defaultConfigurationIsVisible = 0;
			defaultConfigurationName = Release;
		};
		A111EB0D2D0E4BC00030553A /* Build configuration list for PBXNativeTarget "AnyaBaluvanaUITests" */ = {
			isa = XCConfigurationList;
			buildConfigurations = (
				A111EB0E2D0E4BC00030553A /* Debug */,
				A111EB0F2D0E4BC00030553A /* Release */,
			);
			defaultConfigurationIsVisible = 0;
			defaultConfigurationName = Release;
		};
/* End XCConfigurationList section */

/* Begin XCRemoteSwiftPackageReference section */
		A111EB102D0E4C270030553A /* XCRemoteSwiftPackageReference "SwiftLintPlugins" */ = {
			isa = XCRemoteSwiftPackageReference;
			repositoryURL = "https://github.com/SimplyDanny/SwiftLintPlugins";
			requirement = {
				kind = upToNextMajorVersion;
				minimumVersion = 0.57.1;
			};
		};
		A111EB112D0E4C380030553A /* XCRemoteSwiftPackageReference "SnapKit" */ = {
			isa = XCRemoteSwiftPackageReference;
			repositoryURL = "https://github.com/SnapKit/SnapKit.git";
			requirement = {
				kind = upToNextMajorVersion;
				minimumVersion = 5.7.1;
			};
		};
/* End XCRemoteSwiftPackageReference section */

/* Begin XCSwiftPackageProductDependency section */
		A111EB122D0E4C380030553A /* SnapKit */ = {
			isa = XCSwiftPackageProductDependency;
			package = A111EB112D0E4C380030553A /* XCRemoteSwiftPackageReference "SnapKit" */;
			productName = SnapKit;
		};
		A111EB142D0E4C5D0030553A /* SwiftLintBuildToolPlugin */ = {
			isa = XCSwiftPackageProductDependency;
			package = A111EB102D0E4C270030553A /* XCRemoteSwiftPackageReference "SwiftLintPlugins" */;
			productName = "plugin:SwiftLintBuildToolPlugin";
		};
/* End XCSwiftPackageProductDependency section */
	};
	rootObject = A111EAD52D0E4BBB0030553A /* Project object */;
}
